<?xml version="1.0" encoding="utf-8"?>
<Project ToolsVersion="4.0" xmlns="http://schemas.microsoft.com/developer/msbuild/2003">
  <ItemGroup>
    <Filter Include="Source Files">
      <UniqueIdentifier>{4FC737F1-C7A5-4376-A066-2A32D752A2FF}</UniqueIdentifier>
      <Extensions>cpp;c;cc;cxx;def;odl;idl;hpj;bat;asm;asmx</Extensions>
    </Filter>
    <Filter Include="Header Files">
      <UniqueIdentifier>{93995380-89BD-4b04-88EB-625FBE52EBFB}</UniqueIdentifier>
      <Extensions>h;hh;hpp;hxx;hm;inl;inc;xsd</Extensions>
    </Filter>
    <Filter Include="Resource Files">
      <UniqueIdentifier>{67DA6AB6-F800-4c08-8B7A-83BB121AAD01}</UniqueIdentifier>
      <Extensions>rc;ico;cur;bmp;dlg;rc2;rct;bin;rgs;gif;jpg;jpeg;jpe;resx;tiff;tif;png;wav;mfcribbon-ms</Extensions>
    </Filter>
    <Filter Include="Header Files\MiLi">
      <UniqueIdentifier>{89fd0adb-9d26-43b4-b737-77de4d2eb7fa}</UniqueIdentifier>
    </Filter>
  </ItemGroup>
  <ItemGroup>
    <ClInclude Include="MiLi\mili\coroutines.h">
      <Filter>Header Files\MiLi</Filter>
    </ClInclude>
    <ClInclude Include="MiLi\mili\mili.h">
      <Filter>Header Files\MiLi</Filter>
    </ClInclude>
    <ClInclude Include="3 MiLi await.hpp">
      <Filter>Source Files</Filter>
    </ClInclude>
    <ClInclude Include="scenario.h">
      <Filter>Source Files</Filter>
    </ClInclude>
    <ClInclude Include="coroutines_ts.h">
      <Filter>Source Files</Filter>
    </ClInclude>
    <ClInclude Include="mili_helpers.h">
      <Filter>Source Files</Filter>
    </ClInclude>
    <ClInclude Include="2 MiLi queue.h">
      <Filter>Source Files</Filter>
    </ClInclude>
    <ClInclude Include="cts_tasks.h">
      <Filter>Source Files</Filter>
    </ClInclude>
  </ItemGroup>
  <ItemGroup>
    <ClCompile Include="main.cpp">
      <Filter>Source Files</Filter>
    </ClCompile>
    <ClCompile Include="example resume.cpp">
      <Filter>Source Files</Filter>
    </ClCompile>
    <ClCompile Include="scenario.cpp">
      <Filter>Source Files</Filter>
    </ClCompile>
    <ClCompile Include="coroutines_ts.cpp">
      <Filter>Source Files</Filter>
    </ClCompile>
    <ClCompile Include="1 MiLi coroutine.h">
      <Filter>Source Files</Filter>
    </ClCompile>
    <ClCompile Include="cts_tasks.cpp">
      <Filter>Source Files</Filter>
    </ClCompile>
  </ItemGroup>
  <ItemGroup>
    <None Include="packages.config" />
  </ItemGroup>
</Project>